// !$*UTF8*$!
{
	archiveVersion = 1;
	classes = {
	};
	objectVersion = 46;
	objects = {

/* Begin PBXBuildFile section */
		2763020B1D0954D50093EEF2 /* AppDelegate.swift in Sources */ = {isa = PBXBuildFile; fileRef = 2763020A1D0954D50093EEF2 /* AppDelegate.swift */; };
		2763020D1D0954D50093EEF2 /* ViewController.swift in Sources */ = {isa = PBXBuildFile; fileRef = 2763020C1D0954D50093EEF2 /* ViewController.swift */; };
		276302101D0954D50093EEF2 /* Main.storyboard in Resources */ = {isa = PBXBuildFile; fileRef = 2763020E1D0954D50093EEF2 /* Main.storyboard */; };
		276302121D0954D50093EEF2 /* Assets.xcassets in Resources */ = {isa = PBXBuildFile; fileRef = 276302111D0954D50093EEF2 /* Assets.xcassets */; };
		276302151D0954D50093EEF2 /* LaunchScreen.storyboard in Resources */ = {isa = PBXBuildFile; fileRef = 276302131D0954D50093EEF2 /* LaunchScreen.storyboard */; };
		276302201D0954D50093EEF2 /* tangochou2Tests.swift in Sources */ = {isa = PBXBuildFile; fileRef = 2763021F1D0954D50093EEF2 /* tangochou2Tests.swift */; };
		2763022B1D0954D50093EEF2 /* tangochou2UITests.swift in Sources */ = {isa = PBXBuildFile; fileRef = 2763022A1D0954D50093EEF2 /* tangochou2UITests.swift */; };
		276302401D09551A0093EEF2 /* Default-568h@2x.png in Resources */ = {isa = PBXBuildFile; fileRef = 2763023A1D09551A0093EEF2 /* Default-568h@2x.png */; };
		276302411D09551A0093EEF2 /* Default-667h@2x.png in Resources */ = {isa = PBXBuildFile; fileRef = 2763023B1D09551A0093EEF2 /* Default-667h@2x.png */; };
		276302421D09551A0093EEF2 /* Default-736h@3x.png in Resources */ = {isa = PBXBuildFile; fileRef = 2763023C1D09551A0093EEF2 /* Default-736h@3x.png */; };
		276302431D09551A0093EEF2 /* fin.png in Resources */ = {isa = PBXBuildFile; fileRef = 2763023D1D09551A0093EEF2 /* fin.png */; };
		276302441D09551A0093EEF2 /* title_logo.png in Resources */ = {isa = PBXBuildFile; fileRef = 2763023E1D09551A0093EEF2 /* title_logo.png */; };
		276302451D09551A0093EEF2 /* word_blank.png in Resources */ = {isa = PBXBuildFile; fileRef = 2763023F1D09551A0093EEF2 /* word_blank.png */; };
		276302491D0958800093EEF2 /* QuestionViewController.swift in Sources */ = {isa = PBXBuildFile; fileRef = 276302481D0958800093EEF2 /* QuestionViewController.swift */; };
		2763024B1D0958910093EEF2 /* FinishViewController.swift in Sources */ = {isa = PBXBuildFile; fileRef = 2763024A1D0958910093EEF2 /* FinishViewController.swift */; };
		2763024D1D0958A30093EEF2 /* AddViewController.swift in Sources */ = {isa = PBXBuildFile; fileRef = 2763024C1D0958A30093EEF2 /* AddViewController.swift */; };
		2763024F1D0958DA0093EEF2 /* ListTableViewController.swift in Sources */ = {isa = PBXBuildFile; fileRef = 2763024E1D0958DA0093EEF2 /* ListTableViewController.swift */; };
		276302521D095C080093EEF2 /* ListTableViewCell.swift in Sources */ = {isa = PBXBuildFile; fileRef = 276302501D095C080093EEF2 /* ListTableViewCell.swift */; };
		276302531D095C080093EEF2 /* ListTableViewCell.xib in Resources */ = {isa = PBXBuildFile; fileRef = 276302511D095C080093EEF2 /* ListTableViewCell.xib */; };
/* End PBXBuildFile section */

/* Begin PBXContainerItemProxy section */
		2763021C1D0954D50093EEF2 /* PBXContainerItemProxy */ = {
			isa = PBXContainerItemProxy;
			containerPortal = 276301FF1D0954D40093EEF2 /* Project object */;
			proxyType = 1;
			remoteGlobalIDString = 276302061D0954D50093EEF2;
			remoteInfo = tangochou2;
		};
		276302271D0954D50093EEF2 /* PBXContainerItemProxy */ = {
			isa = PBXContainerItemProxy;
			containerPortal = 276301FF1D0954D40093EEF2 /* Project object */;
			proxyType = 1;
			remoteGlobalIDString = 276302061D0954D50093EEF2;
			remoteInfo = tangochou2;
		};
/* End PBXContainerItemProxy section */

/* Begin PBXFileReference section */
		276302071D0954D50093EEF2 /* tangochou2.app */ = {isa = PBXFileReference; explicitFileType = wrapper.application; includeInIndex = 0; path = tangochou2.app; sourceTree = BUILT_PRODUCTS_DIR; };
		2763020A1D0954D50093EEF2 /* AppDelegate.swift */ = {isa = PBXFileReference; lastKnownFileType = sourcecode.swift; path = AppDelegate.swift; sourceTree = "<group>"; };
		2763020C1D0954D50093EEF2 /* ViewController.swift */ = {isa = PBXFileReference; lastKnownFileType = sourcecode.swift; path = ViewController.swift; sourceTree = "<group>"; };
		2763020F1D0954D50093EEF2 /* Base */ = {isa = PBXFileReference; lastKnownFileType = file.storyboard; name = Base; path = Base.lproj/Main.storyboard; sourceTree = "<group>"; };
		276302111D0954D50093EEF2 /* Assets.xcassets */ = {isa = PBXFileReference; lastKnownFileType = folder.assetcatalog; path = Assets.xcassets; sourceTree = "<group>"; };
		276302141D0954D50093EEF2 /* Base */ = {isa = PBXFileReference; lastKnownFileType = file.storyboard; name = Base; path = Base.lproj/LaunchScreen.storyboard; sourceTree = "<group>"; };
		276302161D0954D50093EEF2 /* Info.plist */ = {isa = PBXFileReference; lastKnownFileType = text.plist.xml; path = Info.plist; sourceTree = "<group>"; };
		2763021B1D0954D50093EEF2 /* tangochou2Tests.xctest */ = {isa = PBXFileReference; explicitFileType = wrapper.cfbundle; includeInIndex = 0; path = tangochou2Tests.xctest; sourceTree = BUILT_PRODUCTS_DIR; };
		2763021F1D0954D50093EEF2 /* tangochou2Tests.swift */ = {isa = PBXFileReference; lastKnownFileType = sourcecode.swift; path = tangochou2Tests.swift; sourceTree = "<group>"; };
		276302211D0954D50093EEF2 /* Info.plist */ = {isa = PBXFileReference; lastKnownFileType = text.plist.xml; path = Info.plist; sourceTree = "<group>"; };
		276302261D0954D50093EEF2 /* tangochou2UITests.xctest */ = {isa = PBXFileReference; explicitFileType = wrapper.cfbundle; includeInIndex = 0; path = tangochou2UITests.xctest; sourceTree = BUILT_PRODUCTS_DIR; };
		2763022A1D0954D50093EEF2 /* tangochou2UITests.swift */ = {isa = PBXFileReference; lastKnownFileType = sourcecode.swift; path = tangochou2UITests.swift; sourceTree = "<group>"; };
		2763022C1D0954D50093EEF2 /* Info.plist */ = {isa = PBXFileReference; lastKnownFileType = text.plist.xml; path = Info.plist; sourceTree = "<group>"; };
		2763023A1D09551A0093EEF2 /* Default-568h@2x.png */ = {isa = PBXFileReference; lastKnownFileType = image.png; path = "Default-568h@2x.png"; sourceTree = "<group>"; };
		2763023B1D09551A0093EEF2 /* Default-667h@2x.png */ = {isa = PBXFileReference; lastKnownFileType = image.png; path = "Default-667h@2x.png"; sourceTree = "<group>"; };
		2763023C1D09551A0093EEF2 /* Default-736h@3x.png */ = {isa = PBXFileReference; lastKnownFileType = image.png; path = "Default-736h@3x.png"; sourceTree = "<group>"; };
		2763023D1D09551A0093EEF2 /* fin.png */ = {isa = PBXFileReference; lastKnownFileType = image.png; path = fin.png; sourceTree = "<group>"; };
		2763023E1D09551A0093EEF2 /* title_logo.png */ = {isa = PBXFileReference; lastKnownFileType = image.png; path = title_logo.png; sourceTree = "<group>"; };
		2763023F1D09551A0093EEF2 /* word_blank.png */ = {isa = PBXFileReference; lastKnownFileType = image.png; path = word_blank.png; sourceTree = "<group>"; };
		276302481D0958800093EEF2 /* QuestionViewController.swift */ = {isa = PBXFileReference; fileEncoding = 4; lastKnownFileType = sourcecode.swift; name = QuestionViewController.swift; path = ../QuestionViewController.swift; sourceTree = "<group>"; };
		2763024A1D0958910093EEF2 /* FinishViewController.swift */ = {isa = PBXFileReference; fileEncoding = 4; lastKnownFileType = sourcecode.swift; name = FinishViewController.swift; path = ../FinishViewController.swift; sourceTree = "<group>"; };
		2763024C1D0958A30093EEF2 /* AddViewController.swift */ = {isa = PBXFileReference; fileEncoding = 4; lastKnownFileType = sourcecode.swift; name = AddViewController.swift; path = ../AddViewController.swift; sourceTree = "<group>"; };
		2763024E1D0958DA0093EEF2 /* ListTableViewController.swift */ = {isa = PBXFileReference; fileEncoding = 4; lastKnownFileType = sourcecode.swift; name = ListTableViewController.swift; path = ../ListTableViewController.swift; sourceTree = "<group>"; };
		276302501D095C080093EEF2 /* ListTableViewCell.swift */ = {isa = PBXFileReference; fileEncoding = 4; lastKnownFileType = sourcecode.swift; path = ListTableViewCell.swift; sourceTree = "<group>"; };
		276302511D095C080093EEF2 /* ListTableViewCell.xib */ = {isa = PBXFileReference; fileEncoding = 4; lastKnownFileType = file.xib; path = ListTableViewCell.xib; sourceTree = "<group>"; };
/* End PBXFileReference section */

/* Begin PBXFrameworksBuildPhase section */
		276302041D0954D50093EEF2 /* Frameworks */ = {
			isa = PBXFrameworksBuildPhase;
			buildActionMask = 2147483647;
			files = (
			);
			runOnlyForDeploymentPostprocessing = 0;
		};
		276302181D0954D50093EEF2 /* Frameworks */ = {
			isa = PBXFrameworksBuildPhase;
			buildActionMask = 2147483647;
			files = (
			);
			runOnlyForDeploymentPostprocessing = 0;
		};
		276302231D0954D50093EEF2 /* Frameworks */ = {
			isa = PBXFrameworksBuildPhase;
			buildActionMask = 2147483647;
			files = (
			);
			runOnlyForDeploymentPostprocessing = 0;
		};
/* End PBXFrameworksBuildPhase section */

/* Begin PBXGroup section */
		276301FE1D0954D40093EEF2 = {
			isa = PBXGroup;
			children = (
				276302381D09551A0093EEF2 /* WordList素材 */,
				276302091D0954D50093EEF2 /* tangochou2 */,
				2763021E1D0954D50093EEF2 /* tangochou2Tests */,
				276302291D0954D50093EEF2 /* tangochou2UITests */,
				276302081D0954D50093EEF2 /* Products */,
			);
			sourceTree = "<group>";
		};
		276302081D0954D50093EEF2 /* Products */ = {
			isa = PBXGroup;
			children = (
				276302071D0954D50093EEF2 /* tangochou2.app */,
				2763021B1D0954D50093EEF2 /* tangochou2Tests.xctest */,
				276302261D0954D50093EEF2 /* tangochou2UITests.xctest */,
			);
			name = Products;
			sourceTree = "<group>";
		};
		276302091D0954D50093EEF2 /* tangochou2 */ = {
			isa = PBXGroup;
			children = (
				2763020A1D0954D50093EEF2 /* AppDelegate.swift */,
				2763020C1D0954D50093EEF2 /* ViewController.swift */,
				2763020E1D0954D50093EEF2 /* Main.storyboard */,
				276302111D0954D50093EEF2 /* Assets.xcassets */,
				276302131D0954D50093EEF2 /* LaunchScreen.storyboard */,
				276302161D0954D50093EEF2 /* Info.plist */,
				276302481D0958800093EEF2 /* QuestionViewController.swift */,
				2763024A1D0958910093EEF2 /* FinishViewController.swift */,
				2763024E1D0958DA0093EEF2 /* ListTableViewController.swift */,
				2763024C1D0958A30093EEF2 /* AddViewController.swift */,
				276302501D095C080093EEF2 /* ListTableViewCell.swift */,
				276302511D095C080093EEF2 /* ListTableViewCell.xib */,
			);
			path = tangochou2;
			sourceTree = "<group>";
		};
		2763021E1D0954D50093EEF2 /* tangochou2Tests */ = {
			isa = PBXGroup;
			children = (
				2763021F1D0954D50093EEF2 /* tangochou2Tests.swift */,
				276302211D0954D50093EEF2 /* Info.plist */,
			);
			path = tangochou2Tests;
			sourceTree = "<group>";
		};
		276302291D0954D50093EEF2 /* tangochou2UITests */ = {
			isa = PBXGroup;
			children = (
				2763022A1D0954D50093EEF2 /* tangochou2UITests.swift */,
				2763022C1D0954D50093EEF2 /* Info.plist */,
			);
			path = tangochou2UITests;
			sourceTree = "<group>";
		};
		276302381D09551A0093EEF2 /* WordList素材 */ = {
			isa = PBXGroup;
			children = (
				276302391D09551A0093EEF2 /* Defaults */,
				2763023D1D09551A0093EEF2 /* fin.png */,
				2763023E1D09551A0093EEF2 /* title_logo.png */,
				2763023F1D09551A0093EEF2 /* word_blank.png */,
			);
			path = "WordList素材";
			sourceTree = "<group>";
		};
		276302391D09551A0093EEF2 /* Defaults */ = {
			isa = PBXGroup;
			children = (
				2763023A1D09551A0093EEF2 /* Default-568h@2x.png */,
				2763023B1D09551A0093EEF2 /* Default-667h@2x.png */,
				2763023C1D09551A0093EEF2 /* Default-736h@3x.png */,
			);
			path = Defaults;
			sourceTree = "<group>";
		};
/* End PBXGroup section */

/* Begin PBXNativeTarget section */
		276302061D0954D50093EEF2 /* tangochou2 */ = {
			isa = PBXNativeTarget;
			buildConfigurationList = 2763022F1D0954D50093EEF2 /* Build configuration list for PBXNativeTarget "tangochou2" */;
			buildPhases = (
				276302031D0954D50093EEF2 /* Sources */,
				276302041D0954D50093EEF2 /* Frameworks */,
				276302051D0954D50093EEF2 /* Resources */,
			);
			buildRules = (
			);
			dependencies = (
			);
			name = tangochou2;
			productName = tangochou2;
			productReference = 276302071D0954D50093EEF2 /* tangochou2.app */;
			productType = "com.apple.product-type.application";
		};
		2763021A1D0954D50093EEF2 /* tangochou2Tests */ = {
			isa = PBXNativeTarget;
			buildConfigurationList = 276302321D0954D50093EEF2 /* Build configuration list for PBXNativeTarget "tangochou2Tests" */;
			buildPhases = (
				276302171D0954D50093EEF2 /* Sources */,
				276302181D0954D50093EEF2 /* Frameworks */,
				276302191D0954D50093EEF2 /* Resources */,
			);
			buildRules = (
			);
			dependencies = (
				2763021D1D0954D50093EEF2 /* PBXTargetDependency */,
			);
			name = tangochou2Tests;
			productName = tangochou2Tests;
			productReference = 2763021B1D0954D50093EEF2 /* tangochou2Tests.xctest */;
			productType = "com.apple.product-type.bundle.unit-test";
		};
		276302251D0954D50093EEF2 /* tangochou2UITests */ = {
			isa = PBXNativeTarget;
			buildConfigurationList = 276302351D0954D50093EEF2 /* Build configuration list for PBXNativeTarget "tangochou2UITests" */;
			buildPhases = (
				276302221D0954D50093EEF2 /* Sources */,
				276302231D0954D50093EEF2 /* Frameworks */,
				276302241D0954D50093EEF2 /* Resources */,
			);
			buildRules = (
			);
			dependencies = (
				276302281D0954D50093EEF2 /* PBXTargetDependency */,
			);
			name = tangochou2UITests;
			productName = tangochou2UITests;
			productReference = 276302261D0954D50093EEF2 /* tangochou2UITests.xctest */;
			productType = "com.apple.product-type.bundle.ui-testing";
		};
/* End PBXNativeTarget section */

/* Begin PBXProject section */
		276301FF1D0954D40093EEF2 /* Project object */ = {
			isa = PBXProject;
			attributes = {
				LastSwiftUpdateCheck = 0730;
				LastUpgradeCheck = 0730;
				ORGANIZATIONNAME = "福島達也";
				TargetAttributes = {
					276302061D0954D50093EEF2 = {
						CreatedOnToolsVersion = 7.3.1;
						DevelopmentTeam = 98G7MS2742;
					};
					2763021A1D0954D50093EEF2 = {
						CreatedOnToolsVersion = 7.3.1;
						DevelopmentTeam = 98G7MS2742;
						TestTargetID = 276302061D0954D50093EEF2;
					};
					276302251D0954D50093EEF2 = {
						CreatedOnToolsVersion = 7.3.1;
						DevelopmentTeam = 98G7MS2742;
						TestTargetID = 276302061D0954D50093EEF2;
					};
				};
			};
			buildConfigurationList = 276302021D0954D40093EEF2 /* Build configuration list for PBXProject "tangochou2" */;
			compatibilityVersion = "Xcode 3.2";
			developmentRegion = English;
			hasScannedForEncodings = 0;
			knownRegions = (
				en,
				Base,
			);
			mainGroup = 276301FE1D0954D40093EEF2;
			productRefGroup = 276302081D0954D50093EEF2 /* Products */;
			projectDirPath = "";
			projectRoot = "";
			targets = (
				276302061D0954D50093EEF2 /* tangochou2 */,
				2763021A1D0954D50093EEF2 /* tangochou2Tests */,
				276302251D0954D50093EEF2 /* tangochou2UITests */,
			);
		};
/* End PBXProject section */

/* Begin PBXResourcesBuildPhase section */
		276302051D0954D50093EEF2 /* Resources */ = {
			isa = PBXResourcesBuildPhase;
			buildActionMask = 2147483647;
			files = (
				276302151D0954D50093EEF2 /* LaunchScreen.storyboard in Resources */,
				276302431D09551A0093EEF2 /* fin.png in Resources */,
				276302401D09551A0093EEF2 /* Default-568h@2x.png in Resources */,
				276302441D09551A0093EEF2 /* title_logo.png in Resources */,
				276302121D0954D50093EEF2 /* Assets.xcassets in Resources */,
				276302451D09551A0093EEF2 /* word_blank.png in Resources */,
				276302101D0954D50093EEF2 /* Main.storyboard in Resources */,
				276302411D09551A0093EEF2 /* Default-667h@2x.png in Resources */,
				276302421D09551A0093EEF2 /* Default-736h@3x.png in Resources */,
				276302531D095C080093EEF2 /* ListTableViewCell.xib in Resources */,
			);
			runOnlyForDeploymentPostprocessing = 0;
		};
		276302191D0954D50093EEF2 /* Resources */ = {
			isa = PBXResourcesBuildPhase;
			buildActionMask = 2147483647;
			files = (
			);
			runOnlyForDeploymentPostprocessing = 0;
		};
		276302241D0954D50093EEF2 /* Resources */ = {
			isa = PBXResourcesBuildPhase;
			buildActionMask = 2147483647;
			files = (
			);
			runOnlyForDeploymentPostprocessing = 0;
		};
/* End PBXResourcesBuildPhase section */

/* Begin PBXSourcesBuildPhase section */
		276302031D0954D50093EEF2 /* Sources */ = {
			isa = PBXSourcesBuildPhase;
			buildActionMask = 2147483647;
			files = (
				276302521D095C080093EEF2 /* ListTableViewCell.swift in Sources */,
				2763024D1D0958A30093EEF2 /* AddViewController.swift in Sources */,
				276302491D0958800093EEF2 /* QuestionViewController.swift in Sources */,
				2763024B1D0958910093EEF2 /* FinishViewController.swift in Sources */,
				2763024F1D0958DA0093EEF2 /* ListTableViewController.swift in Sources */,
				2763020D1D0954D50093EEF2 /* ViewController.swift in Sources */,
				2763020B1D0954D50093EEF2 /* AppDelegate.swift in Sources */,
			);
			runOnlyForDeploymentPostprocessing = 0;
		};
		276302171D0954D50093EEF2 /* Sources */ = {
			isa = PBXSourcesBuildPhase;
			buildActionMask = 2147483647;
			files = (
				276302201D0954D50093EEF2 /* tangochou2Tests.swift in Sources */,
			);
			runOnlyForDeploymentPostprocessing = 0;
		};
		276302221D0954D50093EEF2 /* Sources */ = {
			isa = PBXSourcesBuildPhase;
			buildActionMask = 2147483647;
			files = (
				2763022B1D0954D50093EEF2 /* tangochou2UITests.swift in Sources */,
			);
			runOnlyForDeploymentPostprocessing = 0;
		};
/* End PBXSourcesBuildPhase section */

/* Begin PBXTargetDependency section */
		2763021D1D0954D50093EEF2 /* PBXTargetDependency */ = {
			isa = PBXTargetDependency;
			target = 276302061D0954D50093EEF2 /* tangochou2 */;
			targetProxy = 2763021C1D0954D50093EEF2 /* PBXContainerItemProxy */;
		};
		276302281D0954D50093EEF2 /* PBXTargetDependency */ = {
			isa = PBXTargetDependency;
			target = 276302061D0954D50093EEF2 /* tangochou2 */;
			targetProxy = 276302271D0954D50093EEF2 /* PBXContainerItemProxy */;
		};
/* End PBXTargetDependency section */

/* Begin PBXVariantGroup section */
		2763020E1D0954D50093EEF2 /* Main.storyboard */ = {
			isa = PBXVariantGroup;
			children = (
				2763020F1D0954D50093EEF2 /* Base */,
			);
			name = Main.storyboard;
			sourceTree = "<group>";
		};
		276302131D0954D50093EEF2 /* LaunchScreen.storyboard */ = {
			isa = PBXVariantGroup;
			children = (
				276302141D0954D50093EEF2 /* Base */,
			);
			name = LaunchScreen.storyboard;
			sourceTree = "<group>";
		};
/* End PBXVariantGroup section */

/* Begin XCBuildConfiguration section */
		2763022D1D0954D50093EEF2 /* Debug */ = {
			isa = XCBuildConfiguration;
			buildSettings = {
				ALWAYS_SEARCH_USER_PATHS = NO;
				CLANG_ANALYZER_NONNULL = YES;
				CLANG_CXX_LANGUAGE_STANDARD = "gnu++0x";
				CLANG_CXX_LIBRARY = "libc++";
				CLANG_ENABLE_MODULES = YES;
				CLANG_ENABLE_OBJC_ARC = YES;
				CLANG_WARN_BOOL_CONVERSION = YES;
				CLANG_WARN_CONSTANT_CONVERSION = YES;
				CLANG_WARN_DIRECT_OBJC_ISA_USAGE = YES_ERROR;
				CLANG_WARN_EMPTY_BODY = YES;
				CLANG_WARN_ENUM_CONVERSION = YES;
				CLANG_WARN_INT_CONVERSION = YES;
				CLANG_WARN_OBJC_ROOT_CLASS = YES_ERROR;
				CLANG_WARN_UNREACHABLE_CODE = YES;
				CLANG_WARN__DUPLICATE_METHOD_MATCH = YES;
				"CODE_SIGN_IDENTITY[sdk=iphoneos*]" = "iPhone Developer";
				COPY_PHASE_STRIP = NO;
				DEBUG_INFORMATION_FORMAT = dwarf;
				ENABLE_STRICT_OBJC_MSGSEND = YES;
				ENABLE_TESTABILITY = YES;
				GCC_C_LANGUAGE_STANDARD = gnu99;
				GCC_DYNAMIC_NO_PIC = NO;
				GCC_NO_COMMON_BLOCKS = YES;
				GCC_OPTIMIZATION_LEVEL = 0;
				GCC_PREPROCESSOR_DEFINITIONS = (
					"DEBUG=1",
					"$(inherited)",
				);
				GCC_WARN_64_TO_32_BIT_CONVERSION = YES;
				GCC_WARN_ABOUT_RETURN_TYPE = YES_ERROR;
				GCC_WARN_UNDECLARED_SELECTOR = YES;
				GCC_WARN_UNINITIALIZED_AUTOS = YES_AGGRESSIVE;
				GCC_WARN_UNUSED_FUNCTION = YES;
				GCC_WARN_UNUSED_VARIABLE = YES;
				IPHONEOS_DEPLOYMENT_TARGET = 9.3;
				MTL_ENABLE_DEBUG_INFO = YES;
				ONLY_ACTIVE_ARCH = YES;
				SDKROOT = iphoneos;
				SWIFT_OPTIMIZATION_LEVEL = "-Onone";
			};
			name = Debug;
		};
		2763022E1D0954D50093EEF2 /* Release */ = {
			isa = XCBuildConfiguration;
			buildSettings = {
				ALWAYS_SEARCH_USER_PATHS = NO;
				CLANG_ANALYZER_NONNULL = YES;
				CLANG_CXX_LANGUAGE_STANDARD = "gnu++0x";
				CLANG_CXX_LIBRARY = "libc++";
				CLANG_ENABLE_MODULES = YES;
				CLANG_ENABLE_OBJC_ARC = YES;
				CLANG_WARN_BOOL_CONVERSION = YES;
				CLANG_WARN_CONSTANT_CONVERSION = YES;
				CLANG_WARN_DIRECT_OBJC_ISA_USAGE = YES_ERROR;
				CLANG_WARN_EMPTY_BODY = YES;
				CLANG_WARN_ENUM_CONVERSION = YES;
				CLANG_WARN_INT_CONVERSION = YES;
				CLANG_WARN_OBJC_ROOT_CLASS = YES_ERROR;
				CLANG_WARN_UNREACHABLE_CODE = YES;
				CLANG_WARN__DUPLICATE_METHOD_MATCH = YES;
				"CODE_SIGN_IDENTITY[sdk=iphoneos*]" = "iPhone Developer";
				COPY_PHASE_STRIP = NO;
				DEBUG_INFORMATION_FORMAT = "dwarf-with-dsym";
				ENABLE_NS_ASSERTIONS = NO;
				ENABLE_STRICT_OBJC_MSGSEND = YES;
				GCC_C_LANGUAGE_STANDARD = gnu99;
				GCC_NO_COMMON_BLOCKS = YES;
				GCC_WARN_64_TO_32_BIT_CONVERSION = YES;
				GCC_WARN_ABOUT_RETURN_TYPE = YES_ERROR;
				GCC_WARN_UNDECLARED_SELECTOR = YES;
				GCC_WARN_UNINITIALIZED_AUTOS = YES_AGGRESSIVE;
				GCC_WARN_UNUSED_FUNCTION = YES;
				GCC_WARN_UNUSED_VARIABLE = YES;
				IPHONEOS_DEPLOYMENT_TARGET = 9.3;
				MTL_ENABLE_DEBUG_INFO = NO;
				SDKROOT = iphoneos;
				VALIDATE_PRODUCT = YES;
			};
			name = Release;
		};
		276302301D0954D50093EEF2 /* Debug */ = {
			isa = XCBuildConfiguration;
			buildSettings = {
				ASSETCATALOG_COMPILER_APPICON_NAME = AppIcon;
				INFOPLIST_FILE = tangochou2/Info.plist;
				LD_RUNPATH_SEARCH_PATHS = "$(inherited) @executable_path/Frameworks";
				PRODUCT_BUNDLE_IDENTIFIER = "----.tangochou2";
				PRODUCT_NAME = "$(TARGET_NAME)";
			};
			name = Debug;
		};
		276302311D0954D50093EEF2 /* Release */ = {
			isa = XCBuildConfiguration;
			buildSettings = {
				ASSETCATALOG_COMPILER_APPICON_NAME = AppIcon;
				INFOPLIST_FILE = tangochou2/Info.plist;
				LD_RUNPATH_SEARCH_PATHS = "$(inherited) @executable_path/Frameworks";
				PRODUCT_BUNDLE_IDENTIFIER = "----.tangochou2";
				PRODUCT_NAME = "$(TARGET_NAME)";
			};
			name = Release;
		};
		276302331D0954D50093EEF2 /* Debug */ = {
			isa = XCBuildConfiguration;
			buildSettings = {
				BUNDLE_LOADER = "$(TEST_HOST)";
				INFOPLIST_FILE = tangochou2Tests/Info.plist;
				LD_RUNPATH_SEARCH_PATHS = "$(inherited) @executable_path/Frameworks @loader_path/Frameworks";
				PRODUCT_BUNDLE_IDENTIFIER = "----.tangochou2Tests";
				PRODUCT_NAME = "$(TARGET_NAME)";
				TEST_HOST = "$(BUILT_PRODUCTS_DIR)/tangochou2.app/tangochou2";
			};
			name = Debug;
		};
		276302341D0954D50093EEF2 /* Release */ = {
			isa = XCBuildConfiguration;
			buildSettings = {
				BUNDLE_LOADER = "$(TEST_HOST)";
				INFOPLIST_FILE = tangochou2Tests/Info.plist;
				LD_RUNPATH_SEARCH_PATHS = "$(inherited) @executable_path/Frameworks @loader_path/Frameworks";
				PRODUCT_BUNDLE_IDENTIFIER = "----.tangochou2Tests";
				PRODUCT_NAME = "$(TARGET_NAME)";
				TEST_HOST = "$(BUILT_PRODUCTS_DIR)/tangochou2.app/tangochou2";
			};
			name = Release;
		};
		276302361D0954D50093EEF2 /* Debug */ = {
			isa = XCBuildConfiguration;
			buildSettings = {
				INFOPLIST_FILE = tangochou2UITests/Info.plist;
				LD_RUNPATH_SEARCH_PATHS = "$(inherited) @executable_path/Frameworks @loader_path/Frameworks";
				PRODUCT_BUNDLE_IDENTIFIER = "----.tangochou2UITests";
				PRODUCT_NAME = "$(TARGET_NAME)";
				TEST_TARGET_NAME = tangochou2;
			};
			name = Debug;
		};
		276302371D0954D50093EEF2 /* Release */ = {
			isa = XCBuildConfiguration;
			buildSettings = {
				INFOPLIST_FILE = tangochou2UITests/Info.plist;
				LD_RUNPATH_SEARCH_PATHS = "$(inherited) @executable_path/Frameworks @loader_path/Frameworks";
				PRODUCT_BUNDLE_IDENTIFIER = "----.tangochou2UITests";
				PRODUCT_NAME = "$(TARGET_NAME)";
				TEST_TARGET_NAME = tangochou2;
			};
			name = Release;
		};
/* End XCBuildConfiguration section */

/* Begin XCConfigurationList section */
		276302021D0954D40093EEF2 /* Build configuration list for PBXProject "tangochou2" */ = {
			isa = XCConfigurationList;
			buildConfigurations = (
				2763022D1D0954D50093EEF2 /* Debug */,
				2763022E1D0954D50093EEF2 /* Release */,
			);
			defaultConfigurationIsVisible = 0;
			defaultConfigurationName = Release;
		};
		2763022F1D0954D50093EEF2 /* Build configuration list for PBXNativeTarget "tangochou2" */ = {
			isa = XCConfigurationList;
			buildConfigurations = (
				276302301D0954D50093EEF2 /* Debug */,
				276302311D0954D50093EEF2 /* Release */,
			);
			defaultConfigurationIsVisible = 0;
		};
		276302321D0954D50093EEF2 /* Build configuration list for PBXNativeTarget "tangochou2Tests" */ = {
			isa = XCConfigurationList;
			buildConfigurations = (
				276302331D0954D50093EEF2 /* Debug */,
				276302341D0954D50093EEF2 /* Release */,
			);
			defaultConfigurationIsVisible = 0;
		};
		276302351D0954D50093EEF2 /* Build configuration list for PBXNativeTarget "tangochou2UITests" */ = {
			isa = XCConfigurationList;
			buildConfigurations = (
				276302361D0954D50093EEF2 /* Debug */,
				276302371D0954D50093EEF2 /* Release */,
			);
			defaultConfigurationIsVisible = 0;
		};
/* End XCConfigurationList section */
	};
	rootObject = 276301FF1D0954D40093EEF2 /* Project object */;
}
